
Microsoft Visual Studio Solution File, Format Version 12.00
# Visual Studio Version 16
VisualStudioVersion = 16.0.32126.315
MinimumVisualStudioVersion = 10.0.40219.1
Project("{FAE04EC0-301F-11D3-BF4B-00C04F79EFBC}") = "bai7", "bai7\bai7.csproj", "{428B00D7-6341-48DC-8F39-3673FD06CC9B}"
EndProject
Project("{FAE04EC0-301F-11D3-BF4B-00C04F79EFBC}") = "WineStoreProject", "WineStoreProject\WineStoreProject.csproj", "{433491C7-43EF-45F8-8B74-1ECE39C90E18}"
EndProject
Global
	GlobalSection(SolutionConfigurationPlatforms) = preSolution
		Debug|Any CPU = Debug|Any CPU
		Release|Any CPU = Release|Any CPU
	EndGlobalSection
	GlobalSection(ProjectConfigurationPlatforms) = postSolution
		{428B00D7-6341-48DC-8F39-3673FD06CC9B}.Debug|Any CPU.ActiveCfg = Debug|Any CPU
		{428B00D7-6341-48DC-8F39-3673FD06CC9B}.Debug|Any CPU.Build.0 = Debug|Any CPU
		{428B00D7-6341-48DC-8F39-3673FD06CC9B}.Release|Any CPU.ActiveCfg = Release|Any CPU
		{428B00D7-6341-48DC-8F39-3673FD06CC9B}.Release|Any CPU.Build.0 = Release|Any CPU
		{433491C7-43EF-45F8-8B74-1ECE39C90E18}.Debug|Any CPU.ActiveCfg = Debug|Any CPU
		{433491C7-43EF-45F8-8B74-1ECE39C90E18}.Debug|Any CPU.Build.0 = Debug|Any CPU
		{433491C7-43EF-45F8-8B74-1ECE39C90E18}.Release|Any CPU.ActiveCfg = Release|Any CPU
		{433491C7-43EF-45F8-8B74-1ECE39C90E18}.Release|Any CPU.Build.0 = Release|Any CPU
	EndGlobalSection
	GlobalSection(SolutionProperties) = preSolution
		HideSolutionNode = FALSE
	EndGlobalSection
	GlobalSection(ExtensibilityGlobals) = postSolution
		SolutionGuid = {323F5EB9-B4A9-411F-BF6B-CCA84EA8FCC7}
	EndGlobalSection
EndGlobal
