
Microsoft Visual Studio Solution File, Format Version 12.00
# Visual Studio Version 16
VisualStudioVersion = 16.0.32126.315
MinimumVisualStudioVersion = 10.0.40219.1
Project("{FAE04EC0-301F-11D3-BF4B-00C04F79EFBC}") = "bai12", "bai12\bai12.csproj", "{F8145987-C518-4C06-91CA-547890F91A6B}"
EndProject
Global
	GlobalSection(SolutionConfigurationPlatforms) = preSolution
		Debug|Any CPU = Debug|Any CPU
		Release|Any CPU = Release|Any CPU
	EndGlobalSection
	GlobalSection(ProjectConfigurationPlatforms) = postSolution
		{F8145987-C518-4C06-91CA-547890F91A6B}.Debug|Any CPU.ActiveCfg = Debug|Any CPU
		{F8145987-C518-4C06-91CA-547890F91A6B}.Debug|Any CPU.Build.0 = Debug|Any CPU
		{F8145987-C518-4C06-91CA-547890F91A6B}.Release|Any CPU.ActiveCfg = Release|Any CPU
		{F8145987-C518-4C06-91CA-547890F91A6B}.Release|Any CPU.Build.0 = Release|Any CPU
	EndGlobalSection
	GlobalSection(SolutionProperties) = preSolution
		HideSolutionNode = FALSE
	EndGlobalSection
	GlobalSection(ExtensibilityGlobals) = postSolution
		SolutionGuid = {E613DEF3-90EF-4936-B3D4-7033290C11A1}
	EndGlobalSection
EndGlobal
